
Microsoft Visual Studio Solution File, Format Version 12.00
# Visual Studio 14
VisualStudioVersion = 14.0.23107.0
MinimumVisualStudioVersion = 10.0.40219.1
Project("{FAE04EC0-301F-11D3-BF4B-00C04F79EFBC}") = "PingTool", "PingTool\PingTool.csproj", "{2FB78DA6-EF0A-4B9B-BC65-6E638F5D5C7F}"
EndProject
Project("{FAE04EC0-301F-11D3-BF4B-00C04F79EFBC}") = "xPing", "xPing\xPing.csproj", "{8B445BA6-DB41-4420-81B7-0E583E760250}"
EndProject
Global
	GlobalSection(SolutionConfigurationPlatforms) = preSolution
		Debug|Any CPU = Debug|Any CPU
		Release|Any CPU = Release|Any CPU
	EndGlobalSection
	GlobalSection(ProjectConfigurationPlatforms) = postSolution
		{2FB78DA6-EF0A-4B9B-BC65-6E638F5D5C7F}.Debug|Any CPU.ActiveCfg = Debug|Any CPU
		{2FB78DA6-EF0A-4B9B-BC65-6E638F5D5C7F}.Debug|Any CPU.Build.0 = Debug|Any CPU
		{2FB78DA6-EF0A-4B9B-BC65-6E638F5D5C7F}.Release|Any CPU.ActiveCfg = Release|Any CPU
		{2FB78DA6-EF0A-4B9B-BC65-6E638F5D5C7F}.Release|Any CPU.Build.0 = Release|Any CPU
		{8B445BA6-DB41-4420-81B7-0E583E760250}.Debug|Any CPU.ActiveCfg = Debug|Any CPU
		{8B445BA6-DB41-4420-81B7-0E583E760250}.Debug|Any CPU.Build.0 = Debug|Any CPU
		{8B445BA6-DB41-4420-81B7-0E583E760250}.Release|Any CPU.ActiveCfg = Release|Any CPU
		{8B445BA6-DB41-4420-81B7-0E583E760250}.Release|Any CPU.Build.0 = Release|Any CPU
	EndGlobalSection
	GlobalSection(SolutionProperties) = preSolution
		HideSolutionNode = FALSE
	EndGlobalSection
EndGlobal
